// !$*UTF8*$!
{
	archiveVersion = 1;
	classes = {
	};
	objectVersion = 46;
	objects = {

/* Begin PBXBuildFile section */
		0F735071200CBF5200EEFDD7 /* PlayerNode.swift in Sources */ = {isa = PBXBuildFile; fileRef = 0F735070200CBF5200EEFDD7 /* PlayerNode.swift */; };
		0F735075200CF24100EEFDD7 /* Global.swift in Sources */ = {isa = PBXBuildFile; fileRef = 0F735074200CF24100EEFDD7 /* Global.swift */; };
		0F7350772010C1E600EEFDD7 /* LabelWithSwitchNode.swift in Sources */ = {isa = PBXBuildFile; fileRef = 0F7350762010C1E600EEFDD7 /* LabelWithSwitchNode.swift */; };
		B69BBFDA222236171FF70C0A /* Pods_SuperShuriken.framework in Frameworks */ = {isa = PBXBuildFile; fileRef = FFAE01823C307487EE0B93EF /* Pods_SuperShuriken.framework */; };
		C71E033B20430682001C61C2 /* MonsterNode.swift in Sources */ = {isa = PBXBuildFile; fileRef = C71E033A20430682001C61C2 /* MonsterNode.swift */; };
		C7345C94200F5FB900A24A16 /* AdsManager.swift in Sources */ = {isa = PBXBuildFile; fileRef = C7345C93200F5FB900A24A16 /* AdsManager.swift */; };
		C737083B202213F20053F640 /* ProjectileNode.swift in Sources */ = {isa = PBXBuildFile; fileRef = C737083A202213F20053F640 /* ProjectileNode.swift */; };
		C766D7F3200A392800648287 /* MainMenu.sks in Resources */ = {isa = PBXBuildFile; fileRef = C766D7F2200A392800648287 /* MainMenu.sks */; };
		C766D7F7200BC66400648287 /* CustomLabel.swift in Sources */ = {isa = PBXBuildFile; fileRef = C766D7F6200BC66400648287 /* CustomLabel.swift */; };
		C766D7F9200BC71C00648287 /* SettingsScene.sks in Resources */ = {isa = PBXBuildFile; fileRef = C766D7F8200BC71C00648287 /* SettingsScene.sks */; };
		C766D7FB200BC74C00648287 /* SettingsScene.swift in Sources */ = {isa = PBXBuildFile; fileRef = C766D7FA200BC74C00648287 /* SettingsScene.swift */; };
		C766D7FD200C0D2E00648287 /* GameScene.sks in Resources */ = {isa = PBXBuildFile; fileRef = C766D7FC200C0D2E00648287 /* GameScene.sks */; };
		C793BFE82074DEB300BDC559 /* playerWalk.atlas in Resources */ = {isa = PBXBuildFile; fileRef = C793BFE72074DEB300BDC559 /* playerWalk.atlas */; };
		C793BFEA2074EDA600BDC559 /* playerDeath.atlas in Resources */ = {isa = PBXBuildFile; fileRef = C793BFE92074EDA600BDC559 /* playerDeath.atlas */; };
		C793BFEC2074EDAC00BDC559 /* playerShoot.atlas in Resources */ = {isa = PBXBuildFile; fileRef = C793BFEB2074EDAC00BDC559 /* playerShoot.atlas */; };
		C796D2201F7AACAC00F770CF /* AppDelegate.swift in Sources */ = {isa = PBXBuildFile; fileRef = C796D21F1F7AACAC00F770CF /* AppDelegate.swift */; };
		C796D2261F7AACAC00F770CF /* GameScene.swift in Sources */ = {isa = PBXBuildFile; fileRef = C796D2251F7AACAC00F770CF /* GameScene.swift */; };
		C796D2281F7AACAC00F770CF /* GameViewController.swift in Sources */ = {isa = PBXBuildFile; fileRef = C796D2271F7AACAC00F770CF /* GameViewController.swift */; };
		C796D22B1F7AACAC00F770CF /* Main.storyboard in Resources */ = {isa = PBXBuildFile; fileRef = C796D2291F7AACAC00F770CF /* Main.storyboard */; };
		C796D22D1F7AACAC00F770CF /* Assets.xcassets in Resources */ = {isa = PBXBuildFile; fileRef = C796D22C1F7AACAC00F770CF /* Assets.xcassets */; };
		C796D2301F7AACAC00F770CF /* LaunchScreen.storyboard in Resources */ = {isa = PBXBuildFile; fileRef = C796D22E1F7AACAC00F770CF /* LaunchScreen.storyboard */; };
		C796D23A1F7AAFC400F770CF /* background-music-aac.caf in Resources */ = {isa = PBXBuildFile; fileRef = C796D2381F7AAFC400F770CF /* background-music-aac.caf */; };
		C796D23B1F7AAFC400F770CF /* pew-pew-lei.caf in Resources */ = {isa = PBXBuildFile; fileRef = C796D2391F7AAFC400F770CF /* pew-pew-lei.caf */; };
		C7A4DF381FE6BD6C007DA58E /* ButtonNode.swift in Sources */ = {isa = PBXBuildFile; fileRef = C7A4DF371FE6BD6C007DA58E /* ButtonNode.swift */; };
		C7D2DDC01FE5281E00A23537 /* MainMenu.swift in Sources */ = {isa = PBXBuildFile; fileRef = C7D2DDBF1FE5281E00A23537 /* MainMenu.swift */; };
		C7DCF51F204D5F6600CB1903 /* Util.swift in Sources */ = {isa = PBXBuildFile; fileRef = C7DCF51E204D5F6600CB1903 /* Util.swift */; };
		C7DCF521204D624100CB1903 /* GameManager.swift in Sources */ = {isa = PBXBuildFile; fileRef = C7DCF520204D624100CB1903 /* GameManager.swift */; };
		C7DCF523204D629900CB1903 /* MonsterGoalNode.swift in Sources */ = {isa = PBXBuildFile; fileRef = C7DCF522204D629900CB1903 /* MonsterGoalNode.swift */; };
/* End PBXBuildFile section */

/* Begin PBXFileReference section */
		0F735070200CBF5200EEFDD7 /* PlayerNode.swift */ = {isa = PBXFileReference; lastKnownFileType = sourcecode.swift; path = PlayerNode.swift; sourceTree = "<group>"; };
		0F735074200CF24100EEFDD7 /* Global.swift */ = {isa = PBXFileReference; lastKnownFileType = sourcecode.swift; path = Global.swift; sourceTree = "<group>"; };
		0F7350762010C1E600EEFDD7 /* LabelWithSwitchNode.swift */ = {isa = PBXFileReference; lastKnownFileType = sourcecode.swift; path = LabelWithSwitchNode.swift; sourceTree = "<group>"; };
		2C472AA165D44FCC849C49A0 /* Pods-SuperShuriken.debug.xcconfig */ = {isa = PBXFileReference; includeInIndex = 1; lastKnownFileType = text.xcconfig; name = "Pods-SuperShuriken.debug.xcconfig"; path = "Pods/Target Support Files/Pods-SuperShuriken/Pods-SuperShuriken.debug.xcconfig"; sourceTree = "<group>"; };
		47C2856E36B2852627AA8E0A /* Pods-SuperShuriken.release.xcconfig */ = {isa = PBXFileReference; includeInIndex = 1; lastKnownFileType = text.xcconfig; name = "Pods-SuperShuriken.release.xcconfig"; path = "Pods/Target Support Files/Pods-SuperShuriken/Pods-SuperShuriken.release.xcconfig"; sourceTree = "<group>"; };
		C71E033A20430682001C61C2 /* MonsterNode.swift */ = {isa = PBXFileReference; lastKnownFileType = sourcecode.swift; path = MonsterNode.swift; sourceTree = "<group>"; };
		C7345C93200F5FB900A24A16 /* AdsManager.swift */ = {isa = PBXFileReference; lastKnownFileType = sourcecode.swift; path = AdsManager.swift; sourceTree = "<group>"; };
		C737083A202213F20053F640 /* ProjectileNode.swift */ = {isa = PBXFileReference; lastKnownFileType = sourcecode.swift; path = ProjectileNode.swift; sourceTree = "<group>"; };
		C766D7F2200A392800648287 /* MainMenu.sks */ = {isa = PBXFileReference; lastKnownFileType = file.sks; path = MainMenu.sks; sourceTree = "<group>"; };
		C766D7F6200BC66400648287 /* CustomLabel.swift */ = {isa = PBXFileReference; fileEncoding = 4; lastKnownFileType = sourcecode.swift; path = CustomLabel.swift; sourceTree = "<group>"; };
		C766D7F8200BC71C00648287 /* SettingsScene.sks */ = {isa = PBXFileReference; lastKnownFileType = file.sks; path = SettingsScene.sks; sourceTree = "<group>"; };
		C766D7FA200BC74C00648287 /* SettingsScene.swift */ = {isa = PBXFileReference; lastKnownFileType = sourcecode.swift; path = SettingsScene.swift; sourceTree = "<group>"; };
		C766D7FC200C0D2E00648287 /* GameScene.sks */ = {isa = PBXFileReference; lastKnownFileType = file.sks; path = GameScene.sks; sourceTree = "<group>"; };
		C793BFE72074DEB300BDC559 /* playerWalk.atlas */ = {isa = PBXFileReference; lastKnownFileType = folder.skatlas; path = playerWalk.atlas; sourceTree = "<group>"; };
		C793BFE92074EDA600BDC559 /* playerDeath.atlas */ = {isa = PBXFileReference; lastKnownFileType = folder.skatlas; path = playerDeath.atlas; sourceTree = "<group>"; };
		C793BFEB2074EDAC00BDC559 /* playerShoot.atlas */ = {isa = PBXFileReference; lastKnownFileType = folder.skatlas; path = playerShoot.atlas; sourceTree = "<group>"; };
		C796D21C1F7AACAC00F770CF /* SuperShuriken.app */ = {isa = PBXFileReference; explicitFileType = wrapper.application; includeInIndex = 0; path = SuperShuriken.app; sourceTree = BUILT_PRODUCTS_DIR; };
		C796D21F1F7AACAC00F770CF /* AppDelegate.swift */ = {isa = PBXFileReference; lastKnownFileType = sourcecode.swift; path = AppDelegate.swift; sourceTree = "<group>"; };
		C796D2251F7AACAC00F770CF /* GameScene.swift */ = {isa = PBXFileReference; lastKnownFileType = sourcecode.swift; path = GameScene.swift; sourceTree = "<group>"; };
		C796D2271F7AACAC00F770CF /* GameViewController.swift */ = {isa = PBXFileReference; lastKnownFileType = sourcecode.swift; path = GameViewController.swift; sourceTree = "<group>"; };
		C796D22A1F7AACAC00F770CF /* Base */ = {isa = PBXFileReference; lastKnownFileType = file.storyboard; name = Base; path = Base.lproj/Main.storyboard; sourceTree = "<group>"; };
		C796D22C1F7AACAC00F770CF /* Assets.xcassets */ = {isa = PBXFileReference; lastKnownFileType = folder.assetcatalog; path = Assets.xcassets; sourceTree = "<group>"; };
		C796D22F1F7AACAC00F770CF /* Base */ = {isa = PBXFileReference; lastKnownFileType = file.storyboard; name = Base; path = Base.lproj/LaunchScreen.storyboard; sourceTree = "<group>"; };
		C796D2311F7AACAC00F770CF /* Info.plist */ = {isa = PBXFileReference; lastKnownFileType = text.plist.xml; path = Info.plist; sourceTree = "<group>"; };
		C796D2381F7AAFC400F770CF /* background-music-aac.caf */ = {isa = PBXFileReference; lastKnownFileType = file; path = "background-music-aac.caf"; sourceTree = "<group>"; };
		C796D2391F7AAFC400F770CF /* pew-pew-lei.caf */ = {isa = PBXFileReference; lastKnownFileType = file; path = "pew-pew-lei.caf"; sourceTree = "<group>"; };
		C7A4DF371FE6BD6C007DA58E /* ButtonNode.swift */ = {isa = PBXFileReference; lastKnownFileType = sourcecode.swift; path = ButtonNode.swift; sourceTree = "<group>"; };
		C7D2DDBF1FE5281E00A23537 /* MainMenu.swift */ = {isa = PBXFileReference; lastKnownFileType = sourcecode.swift; path = MainMenu.swift; sourceTree = "<group>"; };
		C7DCF51E204D5F6600CB1903 /* Util.swift */ = {isa = PBXFileReference; lastKnownFileType = sourcecode.swift; path = Util.swift; sourceTree = "<group>"; };
		C7DCF520204D624100CB1903 /* GameManager.swift */ = {isa = PBXFileReference; lastKnownFileType = sourcecode.swift; path = GameManager.swift; sourceTree = "<group>"; };
		C7DCF522204D629900CB1903 /* MonsterGoalNode.swift */ = {isa = PBXFileReference; lastKnownFileType = sourcecode.swift; path = MonsterGoalNode.swift; sourceTree = "<group>"; };
		FFAE01823C307487EE0B93EF /* Pods_SuperShuriken.framework */ = {isa = PBXFileReference; explicitFileType = wrapper.framework; includeInIndex = 0; path = Pods_SuperShuriken.framework; sourceTree = BUILT_PRODUCTS_DIR; };
/* End PBXFileReference section */

/* Begin PBXFrameworksBuildPhase section */
		C796D2191F7AACAC00F770CF /* Frameworks */ = {
			isa = PBXFrameworksBuildPhase;
			buildActionMask = 2147483647;
			files = (
				B69BBFDA222236171FF70C0A /* Pods_SuperShuriken.framework in Frameworks */,
			);
			runOnlyForDeploymentPostprocessing = 0;
		};
/* End PBXFrameworksBuildPhase section */

/* Begin PBXGroup section */
		0F73506E200CBEE100EEFDD7 /* Scenes */ = {
			isa = PBXGroup;
			children = (
				C766D7FA200BC74C00648287 /* SettingsScene.swift */,
				C766D7F8200BC71C00648287 /* SettingsScene.sks */,
				C796D2251F7AACAC00F770CF /* GameScene.swift */,
				C766D7FC200C0D2E00648287 /* GameScene.sks */,
				C7D2DDBF1FE5281E00A23537 /* MainMenu.swift */,
				C766D7F2200A392800648287 /* MainMenu.sks */,
			);
			path = Scenes;
			sourceTree = "<group>";
		};
		0F73506F200CBF2700EEFDD7 /* Models */ = {
			isa = PBXGroup;
			children = (
				0F735070200CBF5200EEFDD7 /* PlayerNode.swift */,
				C737083A202213F20053F640 /* ProjectileNode.swift */,
				C71E033A20430682001C61C2 /* MonsterNode.swift */,
				C7DCF522204D629900CB1903 /* MonsterGoalNode.swift */,
			);
			path = Models;
			sourceTree = "<group>";
		};
		4184BDFA07D24570576DC0D7 /* Frameworks */ = {
			isa = PBXGroup;
			children = (
				FFAE01823C307487EE0B93EF /* Pods_SuperShuriken.framework */,
			);
			name = Frameworks;
			sourceTree = "<group>";
		};
		AD37E8FC2D03680A4130C414 /* Pods */ = {
			isa = PBXGroup;
			children = (
				2C472AA165D44FCC849C49A0 /* Pods-SuperShuriken.debug.xcconfig */,
				47C2856E36B2852627AA8E0A /* Pods-SuperShuriken.release.xcconfig */,
			);
			name = Pods;
			sourceTree = "<group>";
		};
		C7884A2D207291D1005D01AB /* Animations */ = {
			isa = PBXGroup;
			children = (
				C793BFEB2074EDAC00BDC559 /* playerShoot.atlas */,
				C793BFE92074EDA600BDC559 /* playerDeath.atlas */,
				C793BFE72074DEB300BDC559 /* playerWalk.atlas */,
			);
			path = Animations;
			sourceTree = "<group>";
		};
		C796D2131F7AACAC00F770CF = {
			isa = PBXGroup;
			children = (
				C796D21E1F7AACAC00F770CF /* SuperShuriken */,
				C796D21D1F7AACAC00F770CF /* Products */,
				AD37E8FC2D03680A4130C414 /* Pods */,
				4184BDFA07D24570576DC0D7 /* Frameworks */,
			);
			sourceTree = "<group>";
		};
		C796D21D1F7AACAC00F770CF /* Products */ = {
			isa = PBXGroup;
			children = (
				C796D21C1F7AACAC00F770CF /* SuperShuriken.app */,
			);
			name = Products;
			sourceTree = "<group>";
		};
		C796D21E1F7AACAC00F770CF /* SuperShuriken */ = {
			isa = PBXGroup;
			children = (
				C7884A2D207291D1005D01AB /* Animations */,
				C796D2371F7AAFC400F770CF /* Sounds */,
				C796D21F1F7AACAC00F770CF /* AppDelegate.swift */,
				C796D2271F7AACAC00F770CF /* GameViewController.swift */,
				0F73506E200CBEE100EEFDD7 /* Scenes */,
				C7DCF51D204D5F3E00CB1903 /* Managers */,
				C766D7F6200BC66400648287 /* CustomLabel.swift */,
				C7A4DF371FE6BD6C007DA58E /* ButtonNode.swift */,
				0F7350762010C1E600EEFDD7 /* LabelWithSwitchNode.swift */,
				0F73506F200CBF2700EEFDD7 /* Models */,
				C796D2291F7AACAC00F770CF /* Main.storyboard */,
				C796D22C1F7AACAC00F770CF /* Assets.xcassets */,
				C796D22E1F7AACAC00F770CF /* LaunchScreen.storyboard */,
				C796D2311F7AACAC00F770CF /* Info.plist */,
			);
			path = SuperShuriken;
			sourceTree = "<group>";
		};
		C796D2371F7AAFC400F770CF /* Sounds */ = {
			isa = PBXGroup;
			children = (
				C796D2381F7AAFC400F770CF /* background-music-aac.caf */,
				C796D2391F7AAFC400F770CF /* pew-pew-lei.caf */,
			);
			path = Sounds;
			sourceTree = "<group>";
		};
		C7DCF51D204D5F3E00CB1903 /* Managers */ = {
			isa = PBXGroup;
			children = (
				0F735074200CF24100EEFDD7 /* Global.swift */,
				C7DCF51E204D5F6600CB1903 /* Util.swift */,
				C7345C93200F5FB900A24A16 /* AdsManager.swift */,
				C7DCF520204D624100CB1903 /* GameManager.swift */,
			);
			path = Managers;
			sourceTree = "<group>";
		};
/* End PBXGroup section */

/* Begin PBXNativeTarget section */
		C796D21B1F7AACAC00F770CF /* SuperShuriken */ = {
			isa = PBXNativeTarget;
			buildConfigurationList = C796D2341F7AACAC00F770CF /* Build configuration list for PBXNativeTarget "SuperShuriken" */;
			buildPhases = (
				564F0A44324DBBFE1FB833A9 /* [CP] Check Pods Manifest.lock */,
				C796D2181F7AACAC00F770CF /* Sources */,
				C796D2191F7AACAC00F770CF /* Frameworks */,
				C796D21A1F7AACAC00F770CF /* Resources */,
				3A2BD65AC49A8D7B0582CBDE /* [CP] Embed Pods Frameworks */,
				15859B2F0C7CAC4E39162B7B /* [CP] Copy Pods Resources */,
			);
			buildRules = (
			);
			dependencies = (
			);
			name = SuperShuriken;
			productName = ClassicPong;
			productReference = C796D21C1F7AACAC00F770CF /* SuperShuriken.app */;
			productType = "com.apple.product-type.application";
		};
/* End PBXNativeTarget section */

/* Begin PBXProject section */
		C796D2141F7AACAC00F770CF /* Project object */ = {
			isa = PBXProject;
			attributes = {
				LastSwiftUpdateCheck = 0830;
				LastUpgradeCheck = 0900;
				ORGANIZATIONNAME = MP;
				TargetAttributes = {
					C796D21B1F7AACAC00F770CF = {
						CreatedOnToolsVersion = 8.3.3;
						DevelopmentTeam = 73B4229N3R;
						LastSwiftMigration = 0900;
						ProvisioningStyle = Automatic;
					};
				};
			};
			buildConfigurationList = C796D2171F7AACAC00F770CF /* Build configuration list for PBXProject "SuperShuriken" */;
			compatibilityVersion = "Xcode 3.2";
			developmentRegion = English;
			hasScannedForEncodings = 0;
			knownRegions = (
				en,
				Base,
			);
			mainGroup = C796D2131F7AACAC00F770CF;
			productRefGroup = C796D21D1F7AACAC00F770CF /* Products */;
			projectDirPath = "";
			projectRoot = "";
			targets = (
				C796D21B1F7AACAC00F770CF /* SuperShuriken */,
			);
		};
/* End PBXProject section */

/* Begin PBXResourcesBuildPhase section */
		C796D21A1F7AACAC00F770CF /* Resources */ = {
			isa = PBXResourcesBuildPhase;
			buildActionMask = 2147483647;
			files = (
				C796D23A1F7AAFC400F770CF /* background-music-aac.caf in Resources */,
				C793BFEC2074EDAC00BDC559 /* playerShoot.atlas in Resources */,
				C766D7F3200A392800648287 /* MainMenu.sks in Resources */,
				C766D7F9200BC71C00648287 /* SettingsScene.sks in Resources */,
				C796D22B1F7AACAC00F770CF /* Main.storyboard in Resources */,
				C766D7FD200C0D2E00648287 /* GameScene.sks in Resources */,
				C796D22D1F7AACAC00F770CF /* Assets.xcassets in Resources */,
				C793BFE82074DEB300BDC559 /* playerWalk.atlas in Resources */,
				C796D23B1F7AAFC400F770CF /* pew-pew-lei.caf in Resources */,
				C796D2301F7AACAC00F770CF /* LaunchScreen.storyboard in Resources */,
				C793BFEA2074EDA600BDC559 /* playerDeath.atlas in Resources */,
			);
			runOnlyForDeploymentPostprocessing = 0;
		};
/* End PBXResourcesBuildPhase section */

/* Begin PBXShellScriptBuildPhase section */
		15859B2F0C7CAC4E39162B7B /* [CP] Copy Pods Resources */ = {
			isa = PBXShellScriptBuildPhase;
			buildActionMask = 2147483647;
			files = (
			);
			inputPaths = (
			);
			name = "[CP] Copy Pods Resources";
			outputPaths = (
			);
			runOnlyForDeploymentPostprocessing = 0;
			shellPath = /bin/sh;
			shellScript = "\"${SRCROOT}/Pods/Target Support Files/Pods-SuperShuriken/Pods-SuperShuriken-resources.sh\"\n";
			showEnvVarsInLog = 0;
		};
		3A2BD65AC49A8D7B0582CBDE /* [CP] Embed Pods Frameworks */ = {
			isa = PBXShellScriptBuildPhase;
			buildActionMask = 2147483647;
			files = (
			);
			inputPaths = (
			);
			name = "[CP] Embed Pods Frameworks";
			outputPaths = (
			);
			runOnlyForDeploymentPostprocessing = 0;
			shellPath = /bin/sh;
			shellScript = "\"${SRCROOT}/Pods/Target Support Files/Pods-SuperShuriken/Pods-SuperShuriken-frameworks.sh\"\n";
			showEnvVarsInLog = 0;
		};
		564F0A44324DBBFE1FB833A9 /* [CP] Check Pods Manifest.lock */ = {
			isa = PBXShellScriptBuildPhase;
			buildActionMask = 2147483647;
			files = (
			);
			inputPaths = (
				"${PODS_PODFILE_DIR_PATH}/Podfile.lock",
				"${PODS_ROOT}/Manifest.lock",
			);
			name = "[CP] Check Pods Manifest.lock";
			outputPaths = (
				"$(DERIVED_FILE_DIR)/Pods-SuperShuriken-checkManifestLockResult.txt",
			);
			runOnlyForDeploymentPostprocessing = 0;
			shellPath = /bin/sh;
			shellScript = "diff \"${PODS_PODFILE_DIR_PATH}/Podfile.lock\" \"${PODS_ROOT}/Manifest.lock\" > /dev/null\nif [ $? != 0 ] ; then\n    # print error to STDERR\n    echo \"error: The sandbox is not in sync with the Podfile.lock. Run 'pod install' or update your CocoaPods installation.\" >&2\n    exit 1\nfi\n# This output is used by Xcode 'outputs' to avoid re-running this script phase.\necho \"SUCCESS\" > \"${SCRIPT_OUTPUT_FILE_0}\"\n";
			showEnvVarsInLog = 0;
		};
/* End PBXShellScriptBuildPhase section */

/* Begin PBXSourcesBuildPhase section */
		C796D2181F7AACAC00F770CF /* Sources */ = {
			isa = PBXSourcesBuildPhase;
			buildActionMask = 2147483647;
			files = (
				0F7350772010C1E600EEFDD7 /* LabelWithSwitchNode.swift in Sources */,
				C7DCF521204D624100CB1903 /* GameManager.swift in Sources */,
				C7D2DDC01FE5281E00A23537 /* MainMenu.swift in Sources */,
				C737083B202213F20053F640 /* ProjectileNode.swift in Sources */,
				C796D2261F7AACAC00F770CF /* GameScene.swift in Sources */,
				C7A4DF381FE6BD6C007DA58E /* ButtonNode.swift in Sources */,
				C71E033B20430682001C61C2 /* MonsterNode.swift in Sources */,
				C7DCF51F204D5F6600CB1903 /* Util.swift in Sources */,
				C766D7F7200BC66400648287 /* CustomLabel.swift in Sources */,
				C796D2281F7AACAC00F770CF /* GameViewController.swift in Sources */,
				C7345C94200F5FB900A24A16 /* AdsManager.swift in Sources */,
				C7DCF523204D629900CB1903 /* MonsterGoalNode.swift in Sources */,
				0F735071200CBF5200EEFDD7 /* PlayerNode.swift in Sources */,
				C766D7FB200BC74C00648287 /* SettingsScene.swift in Sources */,
				0F735075200CF24100EEFDD7 /* Global.swift in Sources */,
				C796D2201F7AACAC00F770CF /* AppDelegate.swift in Sources */,
			);
			runOnlyForDeploymentPostprocessing = 0;
		};
/* End PBXSourcesBuildPhase section */

/* Begin PBXVariantGroup section */
		C796D2291F7AACAC00F770CF /* Main.storyboard */ = {
			isa = PBXVariantGroup;
			children = (
				C796D22A1F7AACAC00F770CF /* Base */,
			);
			name = Main.storyboard;
			sourceTree = "<group>";
		};
		C796D22E1F7AACAC00F770CF /* LaunchScreen.storyboard */ = {
			isa = PBXVariantGroup;
			children = (
				C796D22F1F7AACAC00F770CF /* Base */,
			);
			name = LaunchScreen.storyboard;
			sourceTree = "<group>";
		};
/* End PBXVariantGroup section */

/* Begin XCBuildConfiguration section */
		C796D2321F7AACAC00F770CF /* Debug */ = {
			isa = XCBuildConfiguration;
			buildSettings = {
				ALWAYS_SEARCH_USER_PATHS = NO;
				CLANG_ANALYZER_NONNULL = YES;
				CLANG_ANALYZER_NUMBER_OBJECT_CONVERSION = YES_AGGRESSIVE;
				CLANG_CXX_LANGUAGE_STANDARD = "gnu++0x";
				CLANG_CXX_LIBRARY = "libc++";
				CLANG_ENABLE_MODULES = YES;
				CLANG_ENABLE_OBJC_ARC = YES;
				CLANG_WARN_BLOCK_CAPTURE_AUTORELEASING = YES;
				CLANG_WARN_BOOL_CONVERSION = YES;
				CLANG_WARN_COMMA = YES;
				CLANG_WARN_CONSTANT_CONVERSION = YES;
				CLANG_WARN_DIRECT_OBJC_ISA_USAGE = YES_ERROR;
				CLANG_WARN_DOCUMENTATION_COMMENTS = YES;
				CLANG_WARN_EMPTY_BODY = YES;
				CLANG_WARN_ENUM_CONVERSION = YES;
				CLANG_WARN_INFINITE_RECURSION = YES;
				CLANG_WARN_INT_CONVERSION = YES;
				CLANG_WARN_NON_LITERAL_NULL_CONVERSION = YES;
				CLANG_WARN_OBJC_LITERAL_CONVERSION = YES;
				CLANG_WARN_OBJC_ROOT_CLASS = YES_ERROR;
				CLANG_WARN_RANGE_LOOP_ANALYSIS = YES;
				CLANG_WARN_STRICT_PROTOTYPES = YES;
				CLANG_WARN_SUSPICIOUS_MOVE = YES;
				CLANG_WARN_UNREACHABLE_CODE = YES;
				CLANG_WARN__DUPLICATE_METHOD_MATCH = YES;
				"CODE_SIGN_IDENTITY[sdk=iphoneos*]" = "iPhone Developer";
				COPY_PHASE_STRIP = NO;
				DEBUG_INFORMATION_FORMAT = dwarf;
				ENABLE_STRICT_OBJC_MSGSEND = YES;
				ENABLE_TESTABILITY = YES;
				GCC_C_LANGUAGE_STANDARD = gnu99;
				GCC_DYNAMIC_NO_PIC = NO;
				GCC_NO_COMMON_BLOCKS = YES;
				GCC_OPTIMIZATION_LEVEL = 0;
				GCC_PREPROCESSOR_DEFINITIONS = (
					"DEBUG=1",
					"$(inherited)",
				);
				GCC_WARN_64_TO_32_BIT_CONVERSION = YES;
				GCC_WARN_ABOUT_RETURN_TYPE = YES_ERROR;
				GCC_WARN_UNDECLARED_SELECTOR = YES;
				GCC_WARN_UNINITIALIZED_AUTOS = YES_AGGRESSIVE;
				GCC_WARN_UNUSED_FUNCTION = YES;
				GCC_WARN_UNUSED_VARIABLE = YES;
				IPHONEOS_DEPLOYMENT_TARGET = 10.3;
				MTL_ENABLE_DEBUG_INFO = YES;
				ONLY_ACTIVE_ARCH = YES;
				SDKROOT = iphoneos;
				SWIFT_ACTIVE_COMPILATION_CONDITIONS = DEBUG;
				SWIFT_OPTIMIZATION_LEVEL = "-Onone";
				TARGETED_DEVICE_FAMILY = "1,2";
			};
			name = Debug;
		};
		C796D2331F7AACAC00F770CF /* Release */ = {
			isa = XCBuildConfiguration;
			buildSettings = {
				ALWAYS_SEARCH_USER_PATHS = NO;
				CLANG_ANALYZER_NONNULL = YES;
				CLANG_ANALYZER_NUMBER_OBJECT_CONVERSION = YES_AGGRESSIVE;
				CLANG_CXX_LANGUAGE_STANDARD = "gnu++0x";
				CLANG_CXX_LIBRARY = "libc++";
				CLANG_ENABLE_MODULES = YES;
				CLANG_ENABLE_OBJC_ARC = YES;
				CLANG_WARN_BLOCK_CAPTURE_AUTORELEASING = YES;
				CLANG_WARN_BOOL_CONVERSION = YES;
				CLANG_WARN_COMMA = YES;
				CLANG_WARN_CONSTANT_CONVERSION = YES;
				CLANG_WARN_DIRECT_OBJC_ISA_USAGE = YES_ERROR;
				CLANG_WARN_DOCUMENTATION_COMMENTS = YES;
				CLANG_WARN_EMPTY_BODY = YES;
				CLANG_WARN_ENUM_CONVERSION = YES;
				CLANG_WARN_INFINITE_RECURSION = YES;
				CLANG_WARN_INT_CONVERSION = YES;
				CLANG_WARN_NON_LITERAL_NULL_CONVERSION = YES;
				CLANG_WARN_OBJC_LITERAL_CONVERSION = YES;
				CLANG_WARN_OBJC_ROOT_CLASS = YES_ERROR;
				CLANG_WARN_RANGE_LOOP_ANALYSIS = YES;
				CLANG_WARN_STRICT_PROTOTYPES = YES;
				CLANG_WARN_SUSPICIOUS_MOVE = YES;
				CLANG_WARN_UNREACHABLE_CODE = YES;
				CLANG_WARN__DUPLICATE_METHOD_MATCH = YES;
				"CODE_SIGN_IDENTITY[sdk=iphoneos*]" = "iPhone Developer";
				COPY_PHASE_STRIP = NO;
				DEBUG_INFORMATION_FORMAT = "dwarf-with-dsym";
				ENABLE_NS_ASSERTIONS = NO;
				ENABLE_STRICT_OBJC_MSGSEND = YES;
				GCC_C_LANGUAGE_STANDARD = gnu99;
				GCC_NO_COMMON_BLOCKS = YES;
				GCC_WARN_64_TO_32_BIT_CONVERSION = YES;
				GCC_WARN_ABOUT_RETURN_TYPE = YES_ERROR;
				GCC_WARN_UNDECLARED_SELECTOR = YES;
				GCC_WARN_UNINITIALIZED_AUTOS = YES_AGGRESSIVE;
				GCC_WARN_UNUSED_FUNCTION = YES;
				GCC_WARN_UNUSED_VARIABLE = YES;
				IPHONEOS_DEPLOYMENT_TARGET = 10.3;
				MTL_ENABLE_DEBUG_INFO = NO;
				SDKROOT = iphoneos;
				SWIFT_OPTIMIZATION_LEVEL = "-Owholemodule";
				TARGETED_DEVICE_FAMILY = "1,2";
				VALIDATE_PRODUCT = YES;
			};
			name = Release;
		};
		C796D2351F7AACAC00F770CF /* Debug */ = {
			isa = XCBuildConfiguration;
			baseConfigurationReference = 2C472AA165D44FCC849C49A0 /* Pods-SuperShuriken.debug.xcconfig */;
			buildSettings = {
				ASSETCATALOG_COMPILER_APPICON_NAME = AppIcon;
				"CODE_SIGN_IDENTITY[sdk=iphoneos*]" = "iPhone Developer";
				CODE_SIGN_STYLE = Automatic;
				DEVELOPMENT_TEAM = 73B4229N3R;
				INFOPLIST_FILE = SuperShuriken/Info.plist;
				LD_RUNPATH_SEARCH_PATHS = "$(inherited) @executable_path/Frameworks";
				PRODUCT_BUNDLE_IDENTIFIER = com.mpesevski.superShuriken;
				PRODUCT_NAME = "$(TARGET_NAME)";
				PROVISIONING_PROFILE = "";
				PROVISIONING_PROFILE_SPECIFIER = "";
				SWIFT_SWIFT3_OBJC_INFERENCE = Default;
				SWIFT_VERSION = 4.0;
			};
			name = Debug;
		};
		C796D2361F7AACAC00F770CF /* Release */ = {
			isa = XCBuildConfiguration;
			baseConfigurationReference = 47C2856E36B2852627AA8E0A /* Pods-SuperShuriken.release.xcconfig */;
			buildSettings = {
				ASSETCATALOG_COMPILER_APPICON_NAME = AppIcon;
				"CODE_SIGN_IDENTITY[sdk=iphoneos*]" = "iPhone Developer";
				CODE_SIGN_STYLE = Automatic;
				DEVELOPMENT_TEAM = 73B4229N3R;
				INFOPLIST_FILE = SuperShuriken/Info.plist;
				LD_RUNPATH_SEARCH_PATHS = "$(inherited) @executable_path/Frameworks";
				PRODUCT_BUNDLE_IDENTIFIER = com.mpesevski.superShuriken;
				PRODUCT_NAME = "$(TARGET_NAME)";
				PROVISIONING_PROFILE = "";
				PROVISIONING_PROFILE_SPECIFIER = "";
				SWIFT_SWIFT3_OBJC_INFERENCE = Default;
				SWIFT_VERSION = 4.0;
			};
			name = Release;
		};
/* End XCBuildConfiguration section */

/* Begin XCConfigurationList section */
		C796D2171F7AACAC00F770CF /* Build configuration list for PBXProject "SuperShuriken" */ = {
			isa = XCConfigurationList;
			buildConfigurations = (
				C796D2321F7AACAC00F770CF /* Debug */,
				C796D2331F7AACAC00F770CF /* Release */,
			);
			defaultConfigurationIsVisible = 0;
			defaultConfigurationName = Release;
		};
		C796D2341F7AACAC00F770CF /* Build configuration list for PBXNativeTarget "SuperShuriken" */ = {
			isa = XCConfigurationList;
			buildConfigurations = (
				C796D2351F7AACAC00F770CF /* Debug */,
				C796D2361F7AACAC00F770CF /* Release */,
			);
			defaultConfigurationIsVisible = 0;
			defaultConfigurationName = Release;
		};
/* End XCConfigurationList section */
	};
	rootObject = C796D2141F7AACAC00F770CF /* Project object */;
}
